{
  "name": "youyinnn.github.io",
  "version": "1.0.0",
  "lockfileVersion": 1,
  "requires": true,
  "dependencies": {
    "@algolia/cache-browser-local-storage": {
      "version": "4.2.0",
      "resolved": "https://registry.npm.taobao.org/@algolia/cache-browser-local-storage/download/@algolia/cache-browser-local-storage-4.2.0.tgz",
      "integrity": "sha1-RcxL5Mj81py5jrqi54pFmhz2umQ=",
      "dev": true,
      "requires": {
        "@algolia/cache-common": "4.2.0"
      }
    },
    "@algolia/cache-common": {
      "version": "4.2.0",
      "resolved": "https://registry.npm.taobao.org/@algolia/cache-common/download/@algolia/cache-common-4.2.0.tgz",
      "integrity": "sha1-raGOVZ8gWmPq9gwhoDWz1B8PjX0=",
      "dev": true
    },
    "@algolia/cache-in-memory": {
      "version": "4.2.0",
      "resolved": "https://registry.npm.taobao.org/@algolia/cache-in-memory/download/@algolia/cache-in-memory-4.2.0.tgz",
      "integrity": "sha1-gvB8yZruniCpa91pxjW90txCiPE=",
      "dev": true,
      "requires": {
        "@algolia/cache-common": "4.2.0"
      }
    },
    "@algolia/client-account": {
      "version": "4.2.0",
      "resolved": "https://registry.npm.taobao.org/@algolia/client-account/download/@algolia/client-account-4.2.0.tgz",
      "integrity": "sha1-er892JIv3hc1seDRnosL2/ZKFDU=",
      "dev": true,
      "requires": {
        "@algolia/client-common": "4.2.0",
        "@algolia/client-search": "4.2.0",
        "@algolia/transporter": "4.2.0"
      }
    },
    "@algolia/client-analytics": {
      "version": "4.2.0",
      "resolved": "https://registry.npm.taobao.org/@algolia/client-analytics/download/@algolia/client-analytics-4.2.0.tgz",
      "integrity": "sha1-EekzH+1buqZmjXHIkN/2DErxx0E=",
      "dev": true,
      "requires": {
        "@algolia/client-common": "4.2.0",
        "@algolia/client-search": "4.2.0",
        "@algolia/requester-common": "4.2.0",
        "@algolia/transporter": "4.2.0"
      }
    },
    "@algolia/client-common": {
      "version": "4.2.0",
      "resolved": "https://registry.npm.taobao.org/@algolia/client-common/download/@algolia/client-common-4.2.0.tgz",
      "integrity": "sha1-v4pVDcUZJ7sQPemqt+asTZCpzw0=",
      "dev": true,
      "requires": {
        "@algolia/requester-common": "4.2.0",
        "@algolia/transporter": "4.2.0"
      }
    },
    "@algolia/client-recommendation": {
      "version": "4.2.0",
      "resolved": "https://registry.npm.taobao.org/@algolia/client-recommendation/download/@algolia/client-recommendation-4.2.0.tgz",
      "integrity": "sha1-vUm1uWAf5CILptsPw5fYFlhO5Ow=",
      "dev": true,
      "requires": {
        "@algolia/client-common": "4.2.0",
        "@algolia/requester-common": "4.2.0",
        "@algolia/transporter": "4.2.0"
      }
    },
    "@algolia/client-search": {
      "version": "4.2.0",
      "resolved": "https://registry.npm.taobao.org/@algolia/client-search/download/@algolia/client-search-4.2.0.tgz",
      "integrity": "sha1-SRdJnKxmpcyn8sqdEzS//Janmxc=",
      "dev": true,
      "requires": {
        "@algolia/client-common": "4.2.0",
        "@algolia/requester-common": "4.2.0",
        "@algolia/transporter": "4.2.0"
      }
    },
    "@algolia/logger-common": {
      "version": "4.2.0",
      "resolved": "https://registry.npm.taobao.org/@algolia/logger-common/download/@algolia/logger-common-4.2.0.tgz",
      "integrity": "sha1-3Tc7JnWUZW1yoVY/ZiGrf3J8Q3M=",
      "dev": true
    },
    "@algolia/logger-console": {
      "version": "4.2.0",
      "resolved": "https://registry.npm.taobao.org/@algolia/logger-console/download/@algolia/logger-console-4.2.0.tgz",
      "integrity": "sha1-EOGKt19g/Q8uKxbLmhsLzJRwh/I=",
      "dev": true,
      "requires": {
        "@algolia/logger-common": "4.2.0"
      }
    },
    "@algolia/requester-browser-xhr": {
      "version": "4.2.0",
      "resolved": "https://registry.npm.taobao.org/@algolia/requester-browser-xhr/download/@algolia/requester-browser-xhr-4.2.0.tgz",
      "integrity": "sha1-wqeYK++UDhdJ8roqoE4/ipcbang=",
      "dev": true,
      "requires": {
        "@algolia/requester-common": "4.2.0"
      }
    },
    "@algolia/requester-common": {
      "version": "4.2.0",
      "resolved": "https://registry.npm.taobao.org/@algolia/requester-common/download/@algolia/requester-common-4.2.0.tgz",
      "integrity": "sha1-32epQFFtWjE7v3m8vO3a3/+fjOI=",
      "dev": true
    },
    "@algolia/requester-node-http": {
      "version": "4.2.0",
      "resolved": "https://registry.npm.taobao.org/@algolia/requester-node-http/download/@algolia/requester-node-http-4.2.0.tgz",
      "integrity": "sha1-4m79PWMLfJiLzJzaOo7mirShaN0=",
      "dev": true,
      "requires": {
        "@algolia/requester-common": "4.2.0"
      }
    },
    "@algolia/transporter": {
      "version": "4.2.0",
      "resolved": "https://registry.npm.taobao.org/@algolia/transporter/download/@algolia/transporter-4.2.0.tgz",
      "integrity": "sha1-nmvqMwTx5vSmSj18H53gR7qJBW8=",
      "dev": true,
      "requires": {
        "@algolia/cache-common": "4.2.0",
        "@algolia/logger-common": "4.2.0",
        "@algolia/requester-common": "4.2.0"
      }
    },
    "algoliasearch": {
      "version": "4.2.0",
      "resolved": "https://registry.npm.taobao.org/algoliasearch/download/algoliasearch-4.2.0.tgz?cache=0&sync_timestamp=1596717847049&other_urls=https%3A%2F%2Fregistry.npm.taobao.org%2Falgoliasearch%2Fdownload%2Falgoliasearch-4.2.0.tgz",
      "integrity": "sha1-3YGhoMV+ufdK9ttwsMEfJWaS0eY=",
      "dev": true,
      "requires": {
        "@algolia/cache-browser-local-storage": "4.2.0",
        "@algolia/cache-common": "4.2.0",
        "@algolia/cache-in-memory": "4.2.0",
        "@algolia/client-account": "4.2.0",
        "@algolia/client-analytics": "4.2.0",
        "@algolia/client-common": "4.2.0",
        "@algolia/client-recommendation": "4.2.0",
        "@algolia/client-search": "4.2.0",
        "@algolia/logger-common": "4.2.0",
        "@algolia/logger-console": "4.2.0",
        "@algolia/requester-browser-xhr": "4.2.0",
        "@algolia/requester-common": "4.2.0",
        "@algolia/requester-node-http": "4.2.0",
        "@algolia/transporter": "4.2.0"
      }
    },
    "argparse": {
      "version": "1.0.10",
      "resolved": "https://registry.npm.taobao.org/argparse/download/argparse-1.0.10.tgz",
      "integrity": "sha1-vNZ5HqWuCXJeF+WtmIE0zUCz2RE=",
      "dev": true,
      "requires": {
        "sprintf-js": "~1.0.2"
      }
    },
    "base64-js": {
      "version": "1.3.1",
      "resolved": "https://registry.npm.taobao.org/base64-js/download/base64-js-1.3.1.tgz",
      "integrity": "sha1-WOzoy3XdB+ce0IxzarxfrE2/jfE=",
      "dev": true
    },
    "buffer": {
      "version": "5.6.0",
      "resolved": "https://registry.npm.taobao.org/buffer/download/buffer-5.6.0.tgz",
      "integrity": "sha1-oxdJ3H2B2E2wir+Te2uMQDP2J4Y=",
      "dev": true,
      "requires": {
        "base64-js": "^1.0.2",
        "ieee754": "^1.1.4"
      }
    },
    "crc": {
      "version": "3.8.0",
      "resolved": "https://registry.npm.taobao.org/crc/download/crc-3.8.0.tgz",
      "integrity": "sha1-rWAmnCyFb4wpnixMwN5FVpFAVsY=",
      "dev": true,
      "requires": {
        "buffer": "^5.1.0"
      }
    },
    "dayjs": {
      "version": "1.8.22",
      "resolved": "https://registry.npm.taobao.org/dayjs/download/dayjs-1.8.22.tgz?cache=0&sync_timestamp=1599050605311&other_urls=https%3A%2F%2Fregistry.npm.taobao.org%2Fdayjs%2Fdownload%2Fdayjs-1.8.22.tgz",
      "integrity": "sha1-XoNdd2s3PiFmeL6NEsM22nGiWpw=",
      "dev": true
    },
    "emoji-datasource": {
      "version": "4.1.0",
      "resolved": "https://registry.npm.taobao.org/emoji-datasource/download/emoji-datasource-4.1.0.tgz",
      "integrity": "sha1-tEVX94ot+sLzUDkzkbFwpWfsKK0=",
      "dev": true
    },
    "emoji-js": {
      "version": "3.5.0",
      "resolved": "https://registry.npm.taobao.org/emoji-js/download/emoji-js-3.5.0.tgz",
      "integrity": "sha1-qGZfIG2iWbZgxRKg7GmANhE5h1M=",
      "dev": true,
      "requires": {
        "emoji-datasource": "4.1.0"
      }
    },
    "esprima": {
      "version": "4.0.1",
      "resolved": "https://registry.npm.taobao.org/esprima/download/esprima-4.0.1.tgz",
      "integrity": "sha1-E7BM2z5sXRnfkatph6hpVhmwqnE=",
      "dev": true
    },
    "ieee754": {
      "version": "1.1.13",
      "resolved": "https://registry.npm.taobao.org/ieee754/download/ieee754-1.1.13.tgz",
      "integrity": "sha1-7BaFWOlaoYH9h9N/VcMrvLZwi4Q=",
      "dev": true
    },
    "js-yaml": {
      "version": "3.13.1",
      "resolved": "https://registry.npm.taobao.org/js-yaml/download/js-yaml-3.13.1.tgz",
      "integrity": "sha1-r/FRswv9+o5J4F2iLnQV6d+jeEc=",
      "dev": true,
      "requires": {
        "argparse": "^1.0.7",
        "esprima": "^4.0.0"
      }
    },
    "marked": {
      "version": "0.8.0",
      "resolved": "https://registry.npm.taobao.org/marked/download/marked-0.8.0.tgz",
      "integrity": "sha1-7FwMm5OHjcUt1Uvo0OUkCXvYGpk=",
      "dev": true
    },
    "sprintf-js": {
      "version": "1.0.3",
      "resolved": "https://registry.npm.taobao.org/sprintf-js/download/sprintf-js-1.0.3.tgz",
      "integrity": "sha1-BOaSb2YolTVPPdAVIDYzuFcpfiw=",
      "dev": true
    }
  }
}
